
Microsoft Visual Studio Solution File, Format Version 12.00
# Visual Studio Version 16
VisualStudioVersion = 16.0.31019.35
MinimumVisualStudioVersion = 10.0.40219.1
Project("{FAE04EC0-301F-11D3-BF4B-00C04F79EFBC}") = "Ejercicio2", "Ejercicio2.csproj", "{0E751C12-BA2B-4F51-B4EB-0F517E523A15}"
EndProject
Global
	GlobalSection(SolutionConfigurationPlatforms) = preSolution
		Debug|Any CPU = Debug|Any CPU
		Release|Any CPU = Release|Any CPU
	EndGlobalSection
	GlobalSection(ProjectConfigurationPlatforms) = postSolution
		{0E751C12-BA2B-4F51-B4EB-0F517E523A15}.Debug|Any CPU.ActiveCfg = Debug|Any CPU
		{0E751C12-BA2B-4F51-B4EB-0F517E523A15}.Debug|Any CPU.Build.0 = Debug|Any CPU
		{0E751C12-BA2B-4F51-B4EB-0F517E523A15}.Release|Any CPU.ActiveCfg = Release|Any CPU
		{0E751C12-BA2B-4F51-B4EB-0F517E523A15}.Release|Any CPU.Build.0 = Release|Any CPU
	EndGlobalSection
	GlobalSection(SolutionProperties) = preSolution
		HideSolutionNode = FALSE
	EndGlobalSection
	GlobalSection(ExtensibilityGlobals) = postSolution
		SolutionGuid = {E61C2FF1-15AB-43FD-BA47-261902F8A0C5}
	EndGlobalSection
EndGlobal
